<?xml version="1.0" encoding="utf-8"?>
<Project ToolsVersion="4.0" xmlns="http://schemas.microsoft.com/developer/msbuild/2003">
  <ItemGroup>
    <Filter Include="Source Files">
      <UniqueIdentifier>{4FC737F1-C7A5-4376-A066-2A32D752A2FF}</UniqueIdentifier>
      <Extensions>cpp;cxx;c;def</Extensions>
    </Filter>
    <Filter Include="Header Files">
      <UniqueIdentifier>{93995380-89BD-4b04-88EB-625FBE52EBFB}</UniqueIdentifier>
      <Extensions>h</Extensions>
    </Filter>
    <Filter Include="Form Files">
      <UniqueIdentifier>{99349809-55BA-4b9d-BF79-8FDBB0286EB3}</UniqueIdentifier>
      <Extensions>ui</Extensions>
    </Filter>
    <Filter Include="Resource Files">
      <UniqueIdentifier>{D9D6E242-F8AF-46E4-B9FD-80ECBC20BA3E}</UniqueIdentifier>
      <Extensions>qrc;*</Extensions>
      <ParseFiles>false</ParseFiles>
    </Filter>
    <Filter Include="Generated Files">
      <UniqueIdentifier>{71ED8ED8-ACB9-4CE9-BBE1-E00B30144E11}</UniqueIdentifier>
      <Extensions>moc;h;cpp</Extensions>
      <SourceControlFiles>False</SourceControlFiles>
    </Filter>
    <Filter Include="Generated Files\Debug">
      <UniqueIdentifier>{dc2e2fa6-503f-424f-8b62-baf178651bde}</UniqueIdentifier>
      <Extensions>cpp;moc</Extensions>
      <SourceControlFiles>False</SourceControlFiles>
    </Filter>
    <Filter Include="Generated Files\Release">
      <UniqueIdentifier>{e032b0cf-94dc-41c3-9fd5-36b0f065ca6b}</UniqueIdentifier>
      <Extensions>cpp;moc</Extensions>
      <SourceControlFiles>False</SourceControlFiles>
    </Filter>
  </ItemGroup>
  <ItemGroup>
    <ClCompile Include="GeneratedFiles\qrc_ScenegraphWork.cpp">
      <Filter>Generated Files</Filter>
    </ClCompile>
    <ClCompile Include="..\OpenGL demo\Camera.cpp">
      <Filter>Source Files</Filter>
    </ClCompile>
    <ClCompile Include="..\OpenGL demo\Chair.cpp">
      <Filter>Source Files</Filter>
    </ClCompile>
    <ClCompile Include="..\OpenGL demo\Cube.cpp">
      <Filter>Source Files</Filter>
    </ClCompile>
    <ClCompile Include="..\OpenGL demo\Extrusion.cpp">
      <Filter>Source Files</Filter>
    </ClCompile>
    <ClCompile Include="..\OpenGL demo\Face.cpp">
      <Filter>Source Files</Filter>
    </ClCompile>
    <ClCompile Include="..\OpenGL demo\FileTextBox.cpp">
      <Filter>Source Files</Filter>
    </ClCompile>
    <ClCompile Include="GeneratedFiles\Debug\moc_FileTextBox.cpp">
      <Filter>Generated Files\Debug</Filter>
    </ClCompile>
    <ClCompile Include="GeneratedFiles\Release\moc_FileTextBox.cpp">
      <Filter>Generated Files\Release</Filter>
    </ClCompile>
    <ClCompile Include="..\OpenGL demo\Geometry.cpp">
      <Filter>Source Files</Filter>
    </ClCompile>
    <ClCompile Include="..\OpenGL demo\Light.cpp">
      <Filter>Source Files</Filter>
    </ClCompile>
    <ClCompile Include="..\OpenGL demo\main.cpp">
      <Filter>Source Files</Filter>
    </ClCompile>
    <ClCompile Include="..\OpenGL demo\Mesh.cpp">
      <Filter>Source Files</Filter>
    </ClCompile>
    <ClCompile Include="..\OpenGL demo\MyGLWidget.cpp">
      <Filter>Source Files</Filter>
    </ClCompile>
    <ClCompile Include="GeneratedFiles\Debug\moc_MyGLWidget.cpp">
      <Filter>Generated Files\Debug</Filter>
    </ClCompile>
    <ClCompile Include="GeneratedFiles\Release\moc_MyGLWidget.cpp">
      <Filter>Generated Files\Release</Filter>
    </ClCompile>
    <ClCompile Include="..\OpenGL demo\Node.cpp">
      <Filter>Source Files</Filter>
    </ClCompile>
    <ClCompile Include="..\OpenGL demo\opengldemo.cpp">
      <Filter>Source Files</Filter>
    </ClCompile>
    <ClCompile Include="GeneratedFiles\Debug\moc_opengldemo.cpp">
      <Filter>Generated Files\Debug</Filter>
    </ClCompile>
    <ClCompile Include="GeneratedFiles\Release\moc_opengldemo.cpp">
      <Filter>Generated Files\Release</Filter>
    </ClCompile>
    <ClCompile Include="GeneratedFiles\qrc_opengldemo.cpp">
      <Filter>Generated Files</Filter>
    </ClCompile>
    <ClCompile Include="..\OpenGL demo\SurfRev.cpp">
      <Filter>Source Files</Filter>
    </ClCompile>
    <ClCompile Include="..\OpenGL demo\Table.cpp">
      <Filter>Source Files</Filter>
    </ClCompile>
    <ClCompile Include="..\OpenGL demo\Utility.cpp">
      <Filter>Source Files</Filter>
    </ClCompile>
  </ItemGroup>
  <ItemGroup>
    <CustomBuild Include="ScenegraphWork.qrc">
      <Filter>Resource Files</Filter>
    </CustomBuild>
    <CustomBuild Include="..\OpenGL demo\FileTextBox.h">
      <Filter>Header Files</Filter>
    </CustomBuild>
    <CustomBuild Include="..\OpenGL demo\MyGLWidget.h">
      <Filter>Header Files</Filter>
    </CustomBuild>
    <CustomBuild Include="..\OpenGL demo\opengldemo.h">
      <Filter>Header Files</Filter>
    </CustomBuild>
    <CustomBuild Include="..\OpenGL demo\opengldemo.qrc">
      <Filter>Resource Files</Filter>
    </CustomBuild>
    <CustomBuild Include="..\OpenGL demo\opengldemo.ui">
      <Filter>Form Files</Filter>
    </CustomBuild>
  </ItemGroup>
  <ItemGroup>
    <ClInclude Include="..\OpenGL demo\Camera.h">
      <Filter>Header Files</Filter>
    </ClInclude>
    <ClInclude Include="..\OpenGL demo\Chair.h">
      <Filter>Header Files</Filter>
    </ClInclude>
    <ClInclude Include="..\OpenGL demo\Cube.h">
      <Filter>Header Files</Filter>
    </ClInclude>
    <ClInclude Include="..\OpenGL demo\Extrusion.h">
      <Filter>Header Files</Filter>
    </ClInclude>
    <ClInclude Include="..\OpenGL demo\Face.h">
      <Filter>Header Files</Filter>
    </ClInclude>
    <ClInclude Include="..\OpenGL demo\Geometry.h">
      <Filter>Header Files</Filter>
    </ClInclude>
    <ClInclude Include="..\OpenGL demo\glew.h">
      <Filter>Header Files</Filter>
    </ClInclude>
    <ClInclude Include="..\OpenGL demo\Light.h">
      <Filter>Header Files</Filter>
    </ClInclude>
    <ClInclude Include="..\OpenGL demo\Mesh.h">
      <Filter>Header Files</Filter>
    </ClInclude>
    <ClInclude Include="..\OpenGL demo\Node.h">
      <Filter>Header Files</Filter>
    </ClInclude>
    <ClInclude Include="GeneratedFiles\ui_opengldemo.h">
      <Filter>Generated Files</Filter>
    </ClInclude>
    <ClInclude Include="..\OpenGL demo\SurfRev.h">
      <Filter>Header Files</Filter>
    </ClInclude>
    <ClInclude Include="..\OpenGL demo\Table.h">
      <Filter>Header Files</Filter>
    </ClInclude>
    <ClInclude Include="..\OpenGL demo\Utility.h">
      <Filter>Header Files</Filter>
    </ClInclude>
    <ClInclude Include="..\OpenGL demo\wglew.h">
      <Filter>Header Files</Filter>
    </ClInclude>
  </ItemGroup>
  <ItemGroup>
    <None Include="..\OpenGL demo\color_xforms.frag" />
    <None Include="..\OpenGL demo\color_xforms.vert" />
    <None Include="..\OpenGL demo\extrusion1.dat" />
    <None Include="..\OpenGL demo\extrusion2.dat" />
    <None Include="..\OpenGL demo\OpenGL demo.vcxproj" />
    <None Include="..\OpenGL demo\OpenGL demo.vcxproj.filters" />
    <None Include="..\OpenGL demo\OpenGL demo.vcxproj.user" />
    <None Include="..\OpenGL demo\surfrev1.dat" />
    <None Include="..\OpenGL demo\surfrev2.dat" />
    <None Include="lambert.frag" />
    <None Include="lambert.vert" />
  </ItemGroup>
  <ItemGroup>
    <Library Include="..\OpenGL demo\glew32s.lib" />
  </ItemGroup>
  <ItemGroup>
    <Text Include="..\OpenGL demo\scene1.txt" />
    <Text Include="..\OpenGL demo\scene2.txt" />
    <Text Include="..\OpenGL demo\test.txt" />
    <Text Include="..\OpenGL demo\testScene.txt" />
  </ItemGroup>
</Project>